{
  "nodes": {
    "nixpkgs": {
      "locked": {
        "lastModified": 1775701739,
        "narHash": "sha256-2FWWY1rr/+pGUJK1npcVcsWNEblzmKs6VxD3VEvwJSs=",
        "owner": "NixOS",
        "repo": "nixpkgs",
        "rev": "0f7663154ff2fec150f9dbf5f81ec2785dc1e0db",
        "type": "github"
      },
      "original": {
        "owner": "NixOS",
        "ref": "nixpkgs-unstable",
        "repo": "nixpkgs",
        "type": "github"
      }
    },
    "root": {
      "inputs": {
        "nixpkgs": "nixpkgs",
        "treefmt-nix": "treefmt-nix"
      }
    },
    "treefmt-nix": {
      "inputs": {
        "nixpkgs": [
          "nixpkgs"
        ]
      },
      "locked": {
        "lastModified": 1767468822,
        "narHash": "sha256-MpffQxHxmjVKMiQd0Tg2IM/bSjjdQAM+NDcX6yxj7rE=",
        "owner": "numtide",
        "repo": "treefmt-nix",
        "rev": "d56486eb9493ad9c4777c65932618e9c2d0468fc",
        "type": "github"
      },
      "original": {
        "owner": "numtide",
        "repo": "treefmt-nix",
        "type": "github"
      }
    }
  },
  "root": "root",
  "version": 7
}
